// !$*UTF8*$!
{
	archiveVersion = 1;
	classes = {
	};
	objectVersion = 46;
	objects = {

/* Begin PBXBuildFile section */
		002FEDCF1FF370EA00EDA602 /* UIView+STM.m in Sources */ = {isa = PBXBuildFile; fileRef = 002FEDCE1FF370EA00EDA602 /* UIView+STM.m */; };
		002FEE1B1FF4CD0400EDA602 /* CornerRadiusViewController.m in Sources */ = {isa = PBXBuildFile; fileRef = 002FEE1A1FF4CD0400EDA602 /* CornerRadiusViewController.m */; };
		003F80BB2201B355006169DA /* STMProxy.m in Sources */ = {isa = PBXBuildFile; fileRef = 003F80BA2201B355006169DA /* STMProxy.m */; };
		0049F30122E5A9220064D2CB /* NSObject+STM.m in Sources */ = {isa = PBXBuildFile; fileRef = 0049F2FF22E5A9210064D2CB /* NSObject+STM.m */; };
		005B58122223D7FC003D42D3 /* UIBarButtonItem+STM.m in Sources */ = {isa = PBXBuildFile; fileRef = 005B58112223D7FC003D42D3 /* UIBarButtonItem+STM.m */; };
		005B58152223E510003D42D3 /* UIControl+STM.m in Sources */ = {isa = PBXBuildFile; fileRef = 005B58142223E510003D42D3 /* UIControl+STM.m */; };
		0062A28C21706FBA00B46F55 /* UINavigationBar+STM.m in Sources */ = {isa = PBXBuildFile; fileRef = 0062A28B21706FBA00B46F55 /* UINavigationBar+STM.m */; };
		0064439C1E6FD86F0011ED3F /* ImageBlendViewController.m in Sources */ = {isa = PBXBuildFile; fileRef = 0064439B1E6FD86F0011ED3F /* ImageBlendViewController.m */; };
		0064439E1E6FD93A0011ED3F /* Main.storyboard in Resources */ = {isa = PBXBuildFile; fileRef = 0064439D1E6FD93A0011ED3F /* Main.storyboard */; };
		0067E7682212DD3300D37FA3 /* UIAlertController+STM.m in Sources */ = {isa = PBXBuildFile; fileRef = 0067E7672212DD3300D37FA3 /* UIAlertController+STM.m */; };
		0067E76B2212E04F00D37FA3 /* AlertTableViewController.m in Sources */ = {isa = PBXBuildFile; fileRef = 0067E76A2212E04F00D37FA3 /* AlertTableViewController.m */; };
		006C57D821A3F78B0040A7BC /* UIApplication+STM.m in Sources */ = {isa = PBXBuildFile; fileRef = 006C57D721A3F78B0040A7BC /* UIApplication+STM.m */; };
		006C57DB21A3FC630040A7BC /* UIDevice+STM.m in Sources */ = {isa = PBXBuildFile; fileRef = 006C57DA21A3FC630040A7BC /* UIDevice+STM.m */; };
		006C57DE21A403270040A7BC /* STMDeviceInfo.bundle in Resources */ = {isa = PBXBuildFile; fileRef = 006C57DD21A403270040A7BC /* STMDeviceInfo.bundle */; };
		008C099A210AF24500086B43 /* NSLayoutConstraint+STM.m in Sources */ = {isa = PBXBuildFile; fileRef = 008C0999210AF24500086B43 /* NSLayoutConstraint+STM.m */; };
		00917BE623686BA6009E50E3 /* UIGestureRecognizer+STM.m in Sources */ = {isa = PBXBuildFile; fileRef = 00917BE523686BA6009E50E3 /* UIGestureRecognizer+STM.m */; };
		009D4E5F1FFB977A0095F44A /* UIImage+STM.m in Sources */ = {isa = PBXBuildFile; fileRef = 009D4E5B1FFB977A0095F44A /* UIImage+STM.m */; };
		009D4E601FFB977A0095F44A /* UIColor+STM.m in Sources */ = {isa = PBXBuildFile; fileRef = 009D4E5D1FFB977A0095F44A /* UIColor+STM.m */; };
		00A6688C1F05FD46002751F6 /* UITextField+STM.m in Sources */ = {isa = PBXBuildFile; fileRef = 00A6688B1F05FD46002751F6 /* UITextField+STM.m */; };
		00B9BFC41F062A770012E482 /* TextFieldViewController.m in Sources */ = {isa = PBXBuildFile; fileRef = 00B9BFC31F062A770012E482 /* TextFieldViewController.m */; };
		00DCE8EF216B5C9900F08BAF /* NSArray+STM.m in Sources */ = {isa = PBXBuildFile; fileRef = 00DCE8EE216B5C9900F08BAF /* NSArray+STM.m */; };
		00E403D121F9C93C00C89769 /* UITextView+STM.m in Sources */ = {isa = PBXBuildFile; fileRef = 00E403D021F9C93C00C89769 /* UITextView+STM.m */; };
		00FA6E961FCC2A070050E72C /* NSBundle+STM.m in Sources */ = {isa = PBXBuildFile; fileRef = 00FA6E951FCC2A070050E72C /* NSBundle+STM.m */; };
		B891F7E61CAE71770043BD59 /* main.m in Sources */ = {isa = PBXBuildFile; fileRef = B891F7E51CAE71770043BD59 /* main.m */; };
		B891F7E91CAE71770043BD59 /* AppDelegate.m in Sources */ = {isa = PBXBuildFile; fileRef = B891F7E81CAE71770043BD59 /* AppDelegate.m */; };
		B891F7F11CAE71770043BD59 /* Assets.xcassets in Resources */ = {isa = PBXBuildFile; fileRef = B891F7F01CAE71770043BD59 /* Assets.xcassets */; };
		B891F7F41CAE71770043BD59 /* LaunchScreen.storyboard in Resources */ = {isa = PBXBuildFile; fileRef = B891F7F21CAE71770043BD59 /* LaunchScreen.storyboard */; };
		B891F81C1CAE72590043BD59 /* NSDictionary+STM.m in Sources */ = {isa = PBXBuildFile; fileRef = B891F8061CAE72590043BD59 /* NSDictionary+STM.m */; };
		B891F8221CAE72590043BD59 /* STMObjectRuntime.m in Sources */ = {isa = PBXBuildFile; fileRef = B891F8181CAE72590043BD59 /* STMObjectRuntime.m */; };
		B891F8321CAE772C0043BD59 /* ViewController.m in Sources */ = {isa = PBXBuildFile; fileRef = B891F8311CAE772C0043BD59 /* ViewController.m */; };
		B891F8351CAE7A080043BD59 /* STMConfiguration.m in Sources */ = {isa = PBXBuildFile; fileRef = B891F8341CAE7A080043BD59 /* STMConfiguration.m */; };
		B891F8381CAECC9A0043BD59 /* NSString+STM.m in Sources */ = {isa = PBXBuildFile; fileRef = B891F8371CAECC9A0043BD59 /* NSString+STM.m */; };
		B891F8421CAF6C580043BD59 /* STMRSAEncryptor.m in Sources */ = {isa = PBXBuildFile; fileRef = B891F8411CAF6C580043BD59 /* STMRSAEncryptor.m */; };
		B891F8461CAF6DBC0043BD59 /* NSData+STM.m in Sources */ = {isa = PBXBuildFile; fileRef = B891F8451CAF6DBC0043BD59 /* NSData+STM.m */; };
		B8B324101F40384E00AC2AAF /* NSString+STMHash.m in Sources */ = {isa = PBXBuildFile; fileRef = B8B3240F1F40384E00AC2AAF /* NSString+STMHash.m */; };
		BA6B31773B47A5D2FC861294 /* libPods-StromFacilitate.a in Frameworks */ = {isa = PBXBuildFile; fileRef = BC923321BF177D996C433407 /* libPods-StromFacilitate.a */; };
/* End PBXBuildFile section */

/* Begin PBXFileReference section */
		001581AD221123600008E21A /* StromCore.h */ = {isa = PBXFileReference; lastKnownFileType = sourcecode.c.h; path = StromCore.h; sourceTree = "<group>"; };
		001581AE221123700008E21A /* StromUI.h */ = {isa = PBXFileReference; lastKnownFileType = sourcecode.c.h; path = StromUI.h; sourceTree = "<group>"; };
		002FEDCD1FF370EA00EDA602 /* UIView+STM.h */ = {isa = PBXFileReference; lastKnownFileType = sourcecode.c.h; path = "UIView+STM.h"; sourceTree = "<group>"; };
		002FEDCE1FF370EA00EDA602 /* UIView+STM.m */ = {isa = PBXFileReference; lastKnownFileType = sourcecode.c.objc; path = "UIView+STM.m"; sourceTree = "<group>"; };
		002FEE191FF4CD0400EDA602 /* CornerRadiusViewController.h */ = {isa = PBXFileReference; lastKnownFileType = sourcecode.c.h; path = CornerRadiusViewController.h; sourceTree = "<group>"; };
		002FEE1A1FF4CD0400EDA602 /* CornerRadiusViewController.m */ = {isa = PBXFileReference; lastKnownFileType = sourcecode.c.objc; path = CornerRadiusViewController.m; sourceTree = "<group>"; };
		003F80B92201B355006169DA /* STMProxy.h */ = {isa = PBXFileReference; fileEncoding = 4; lastKnownFileType = sourcecode.c.h; path = STMProxy.h; sourceTree = "<group>"; };
		003F80BA2201B355006169DA /* STMProxy.m */ = {isa = PBXFileReference; fileEncoding = 4; lastKnownFileType = sourcecode.c.objc; path = STMProxy.m; sourceTree = "<group>"; };
		0049F2FF22E5A9210064D2CB /* NSObject+STM.m */ = {isa = PBXFileReference; fileEncoding = 4; lastKnownFileType = sourcecode.c.objc; path = "NSObject+STM.m"; sourceTree = "<group>"; };
		0049F30022E5A9210064D2CB /* NSObject+STM.h */ = {isa = PBXFileReference; fileEncoding = 4; lastKnownFileType = sourcecode.c.h; path = "NSObject+STM.h"; sourceTree = "<group>"; };
		005B58102223D7FC003D42D3 /* UIBarButtonItem+STM.h */ = {isa = PBXFileReference; lastKnownFileType = sourcecode.c.h; path = "UIBarButtonItem+STM.h"; sourceTree = "<group>"; };
		005B58112223D7FC003D42D3 /* UIBarButtonItem+STM.m */ = {isa = PBXFileReference; lastKnownFileType = sourcecode.c.objc; path = "UIBarButtonItem+STM.m"; sourceTree = "<group>"; };
		005B58132223E510003D42D3 /* UIControl+STM.h */ = {isa = PBXFileReference; lastKnownFileType = sourcecode.c.h; path = "UIControl+STM.h"; sourceTree = "<group>"; };
		005B58142223E510003D42D3 /* UIControl+STM.m */ = {isa = PBXFileReference; lastKnownFileType = sourcecode.c.objc; path = "UIControl+STM.m"; sourceTree = "<group>"; };
		0062A28A21706FBA00B46F55 /* UINavigationBar+STM.h */ = {isa = PBXFileReference; lastKnownFileType = sourcecode.c.h; path = "UINavigationBar+STM.h"; sourceTree = "<group>"; };
		0062A28B21706FBA00B46F55 /* UINavigationBar+STM.m */ = {isa = PBXFileReference; lastKnownFileType = sourcecode.c.objc; path = "UINavigationBar+STM.m"; sourceTree = "<group>"; };
		0064439A1E6FD86F0011ED3F /* ImageBlendViewController.h */ = {isa = PBXFileReference; fileEncoding = 4; lastKnownFileType = sourcecode.c.h; path = ImageBlendViewController.h; sourceTree = "<group>"; };
		0064439B1E6FD86F0011ED3F /* ImageBlendViewController.m */ = {isa = PBXFileReference; fileEncoding = 4; indentWidth = 2; lastKnownFileType = sourcecode.c.objc; path = ImageBlendViewController.m; sourceTree = "<group>"; tabWidth = 2; };
		0064439D1E6FD93A0011ED3F /* Main.storyboard */ = {isa = PBXFileReference; fileEncoding = 4; lastKnownFileType = file.storyboard; path = Main.storyboard; sourceTree = "<group>"; };
		0067E7662212DD3300D37FA3 /* UIAlertController+STM.h */ = {isa = PBXFileReference; lastKnownFileType = sourcecode.c.h; path = "UIAlertController+STM.h"; sourceTree = "<group>"; };
		0067E7672212DD3300D37FA3 /* UIAlertController+STM.m */ = {isa = PBXFileReference; lastKnownFileType = sourcecode.c.objc; path = "UIAlertController+STM.m"; sourceTree = "<group>"; };
		0067E7692212E04F00D37FA3 /* AlertTableViewController.h */ = {isa = PBXFileReference; lastKnownFileType = sourcecode.c.h; path = AlertTableViewController.h; sourceTree = "<group>"; };
		0067E76A2212E04F00D37FA3 /* AlertTableViewController.m */ = {isa = PBXFileReference; lastKnownFileType = sourcecode.c.objc; path = AlertTableViewController.m; sourceTree = "<group>"; };
		006C57D621A3F78B0040A7BC /* UIApplication+STM.h */ = {isa = PBXFileReference; lastKnownFileType = sourcecode.c.h; path = "UIApplication+STM.h"; sourceTree = "<group>"; };
		006C57D721A3F78B0040A7BC /* UIApplication+STM.m */ = {isa = PBXFileReference; lastKnownFileType = sourcecode.c.objc; path = "UIApplication+STM.m"; sourceTree = "<group>"; };
		006C57D921A3FC630040A7BC /* UIDevice+STM.h */ = {isa = PBXFileReference; lastKnownFileType = sourcecode.c.h; path = "UIDevice+STM.h"; sourceTree = "<group>"; };
		006C57DA21A3FC630040A7BC /* UIDevice+STM.m */ = {isa = PBXFileReference; lastKnownFileType = sourcecode.c.objc; path = "UIDevice+STM.m"; sourceTree = "<group>"; };
		006C57DD21A403270040A7BC /* STMDeviceInfo.bundle */ = {isa = PBXFileReference; lastKnownFileType = "wrapper.plug-in"; path = STMDeviceInfo.bundle; sourceTree = "<group>"; };
		008C0998210AF24500086B43 /* NSLayoutConstraint+STM.h */ = {isa = PBXFileReference; lastKnownFileType = sourcecode.c.h; path = "NSLayoutConstraint+STM.h"; sourceTree = "<group>"; };
		008C0999210AF24500086B43 /* NSLayoutConstraint+STM.m */ = {isa = PBXFileReference; lastKnownFileType = sourcecode.c.objc; path = "NSLayoutConstraint+STM.m"; sourceTree = "<group>"; };
		00917BE423686BA6009E50E3 /* UIGestureRecognizer+STM.h */ = {isa = PBXFileReference; lastKnownFileType = sourcecode.c.h; path = "UIGestureRecognizer+STM.h"; sourceTree = "<group>"; };
		00917BE523686BA6009E50E3 /* UIGestureRecognizer+STM.m */ = {isa = PBXFileReference; lastKnownFileType = sourcecode.c.objc; path = "UIGestureRecognizer+STM.m"; sourceTree = "<group>"; };
		009D4E5B1FFB977A0095F44A /* UIImage+STM.m */ = {isa = PBXFileReference; fileEncoding = 4; lastKnownFileType = sourcecode.c.objc; path = "UIImage+STM.m"; sourceTree = "<group>"; };
		009D4E5C1FFB977A0095F44A /* UIColor+STM.h */ = {isa = PBXFileReference; fileEncoding = 4; lastKnownFileType = sourcecode.c.h; path = "UIColor+STM.h"; sourceTree = "<group>"; };
		009D4E5D1FFB977A0095F44A /* UIColor+STM.m */ = {isa = PBXFileReference; fileEncoding = 4; lastKnownFileType = sourcecode.c.objc; path = "UIColor+STM.m"; sourceTree = "<group>"; };
		009D4E5E1FFB977A0095F44A /* UIImage+STM.h */ = {isa = PBXFileReference; fileEncoding = 4; lastKnownFileType = sourcecode.c.h; path = "UIImage+STM.h"; sourceTree = "<group>"; };
		00A6688A1F05FD46002751F6 /* UITextField+STM.h */ = {isa = PBXFileReference; fileEncoding = 4; lastKnownFileType = sourcecode.c.h; path = "UITextField+STM.h"; sourceTree = "<group>"; };
		00A6688B1F05FD46002751F6 /* UITextField+STM.m */ = {isa = PBXFileReference; fileEncoding = 4; lastKnownFileType = sourcecode.c.objc; path = "UITextField+STM.m"; sourceTree = "<group>"; };
		00B9BFC21F062A770012E482 /* TextFieldViewController.h */ = {isa = PBXFileReference; fileEncoding = 4; lastKnownFileType = sourcecode.c.h; path = TextFieldViewController.h; sourceTree = "<group>"; };
		00B9BFC31F062A770012E482 /* TextFieldViewController.m */ = {isa = PBXFileReference; fileEncoding = 4; lastKnownFileType = sourcecode.c.objc; path = TextFieldViewController.m; sourceTree = "<group>"; };
		00DCE8ED216B5C9900F08BAF /* NSArray+STM.h */ = {isa = PBXFileReference; lastKnownFileType = sourcecode.c.h; path = "NSArray+STM.h"; sourceTree = "<group>"; };
		00DCE8EE216B5C9900F08BAF /* NSArray+STM.m */ = {isa = PBXFileReference; lastKnownFileType = sourcecode.c.objc; path = "NSArray+STM.m"; sourceTree = "<group>"; };
		00E403CF21F9C93C00C89769 /* UITextView+STM.h */ = {isa = PBXFileReference; lastKnownFileType = sourcecode.c.h; path = "UITextView+STM.h"; sourceTree = "<group>"; };
		00E403D021F9C93C00C89769 /* UITextView+STM.m */ = {isa = PBXFileReference; lastKnownFileType = sourcecode.c.objc; path = "UITextView+STM.m"; sourceTree = "<group>"; };
		00FA6E941FCC2A070050E72C /* NSBundle+STM.h */ = {isa = PBXFileReference; lastKnownFileType = sourcecode.c.h; path = "NSBundle+STM.h"; sourceTree = "<group>"; };
		00FA6E951FCC2A070050E72C /* NSBundle+STM.m */ = {isa = PBXFileReference; lastKnownFileType = sourcecode.c.objc; path = "NSBundle+STM.m"; sourceTree = "<group>"; };
		9D4A9227B3586FF0561078F4 /* Pods-StromFacilitate.release.xcconfig */ = {isa = PBXFileReference; includeInIndex = 1; lastKnownFileType = text.xcconfig; name = "Pods-StromFacilitate.release.xcconfig"; path = "Pods/Target Support Files/Pods-StromFacilitate/Pods-StromFacilitate.release.xcconfig"; sourceTree = "<group>"; };
		B8811A1E1D57842200238644 /* GlobalDefine.h */ = {isa = PBXFileReference; lastKnownFileType = sourcecode.c.h; path = GlobalDefine.h; sourceTree = "<group>"; };
		B891F7E11CAE71770043BD59 /* StromFacilitate.app */ = {isa = PBXFileReference; explicitFileType = wrapper.application; includeInIndex = 0; path = StromFacilitate.app; sourceTree = BUILT_PRODUCTS_DIR; };
		B891F7E51CAE71770043BD59 /* main.m */ = {isa = PBXFileReference; lastKnownFileType = sourcecode.c.objc; path = main.m; sourceTree = "<group>"; };
		B891F7E71CAE71770043BD59 /* AppDelegate.h */ = {isa = PBXFileReference; lastKnownFileType = sourcecode.c.h; path = AppDelegate.h; sourceTree = "<group>"; };
		B891F7E81CAE71770043BD59 /* AppDelegate.m */ = {isa = PBXFileReference; lastKnownFileType = sourcecode.c.objc; path = AppDelegate.m; sourceTree = "<group>"; };
		B891F7F01CAE71770043BD59 /* Assets.xcassets */ = {isa = PBXFileReference; lastKnownFileType = folder.assetcatalog; path = Assets.xcassets; sourceTree = "<group>"; };
		B891F7F31CAE71770043BD59 /* Base */ = {isa = PBXFileReference; lastKnownFileType = file.storyboard; name = Base; path = Base.lproj/LaunchScreen.storyboard; sourceTree = "<group>"; };
		B891F7F51CAE71770043BD59 /* Info.plist */ = {isa = PBXFileReference; lastKnownFileType = text.plist.xml; path = Info.plist; sourceTree = "<group>"; };
		B891F8051CAE72590043BD59 /* NSDictionary+STM.h */ = {isa = PBXFileReference; fileEncoding = 4; lastKnownFileType = sourcecode.c.h; path = "NSDictionary+STM.h"; sourceTree = "<group>"; };
		B891F8061CAE72590043BD59 /* NSDictionary+STM.m */ = {isa = PBXFileReference; fileEncoding = 4; lastKnownFileType = sourcecode.c.objc; path = "NSDictionary+STM.m"; sourceTree = "<group>"; };
		B891F80A1CAE72590043BD59 /* Strom-header.h */ = {isa = PBXFileReference; fileEncoding = 4; lastKnownFileType = sourcecode.c.h; path = "Strom-header.h"; sourceTree = "<group>"; };
		B891F8171CAE72590043BD59 /* STMObjectRuntime.h */ = {isa = PBXFileReference; fileEncoding = 4; lastKnownFileType = sourcecode.c.h; path = STMObjectRuntime.h; sourceTree = "<group>"; };
		B891F8181CAE72590043BD59 /* STMObjectRuntime.m */ = {isa = PBXFileReference; fileEncoding = 4; lastKnownFileType = sourcecode.c.objc; path = STMObjectRuntime.m; sourceTree = "<group>"; };
		B891F82F1CAE76AD0043BD59 /* StromFacilitate-PrefixHeader.pch */ = {isa = PBXFileReference; lastKnownFileType = sourcecode.c.h; path = "StromFacilitate-PrefixHeader.pch"; sourceTree = "<group>"; };
		B891F8301CAE772C0043BD59 /* ViewController.h */ = {isa = PBXFileReference; fileEncoding = 4; lastKnownFileType = sourcecode.c.h; path = ViewController.h; sourceTree = "<group>"; };
		B891F8311CAE772C0043BD59 /* ViewController.m */ = {isa = PBXFileReference; fileEncoding = 4; lastKnownFileType = sourcecode.c.objc; path = ViewController.m; sourceTree = "<group>"; };
		B891F8331CAE7A080043BD59 /* STMConfiguration.h */ = {isa = PBXFileReference; fileEncoding = 4; lastKnownFileType = sourcecode.c.h; path = STMConfiguration.h; sourceTree = "<group>"; };
		B891F8341CAE7A080043BD59 /* STMConfiguration.m */ = {isa = PBXFileReference; fileEncoding = 4; lastKnownFileType = sourcecode.c.objc; path = STMConfiguration.m; sourceTree = "<group>"; };
		B891F8361CAECC9A0043BD59 /* NSString+STM.h */ = {isa = PBXFileReference; fileEncoding = 4; lastKnownFileType = sourcecode.c.h; path = "NSString+STM.h"; sourceTree = "<group>"; };
		B891F8371CAECC9A0043BD59 /* NSString+STM.m */ = {isa = PBXFileReference; fileEncoding = 4; lastKnownFileType = sourcecode.c.objc; path = "NSString+STM.m"; sourceTree = "<group>"; };
		B891F8401CAF6C580043BD59 /* STMRSAEncryptor.h */ = {isa = PBXFileReference; fileEncoding = 4; lastKnownFileType = sourcecode.c.h; path = STMRSAEncryptor.h; sourceTree = "<group>"; };
		B891F8411CAF6C580043BD59 /* STMRSAEncryptor.m */ = {isa = PBXFileReference; fileEncoding = 4; lastKnownFileType = sourcecode.c.objc; path = STMRSAEncryptor.m; sourceTree = "<group>"; };
		B891F8441CAF6DBC0043BD59 /* NSData+STM.h */ = {isa = PBXFileReference; fileEncoding = 4; lastKnownFileType = sourcecode.c.h; path = "NSData+STM.h"; sourceTree = "<group>"; };
		B891F8451CAF6DBC0043BD59 /* NSData+STM.m */ = {isa = PBXFileReference; fileEncoding = 4; lastKnownFileType = sourcecode.c.objc; path = "NSData+STM.m"; sourceTree = "<group>"; };
		B8B3240E1F40384E00AC2AAF /* NSString+STMHash.h */ = {isa = PBXFileReference; fileEncoding = 4; lastKnownFileType = sourcecode.c.h; path = "NSString+STMHash.h"; sourceTree = "<group>"; };
		B8B3240F1F40384E00AC2AAF /* NSString+STMHash.m */ = {isa = PBXFileReference; fileEncoding = 4; lastKnownFileType = sourcecode.c.objc; path = "NSString+STMHash.m"; sourceTree = "<group>"; };
		BC923321BF177D996C433407 /* libPods-StromFacilitate.a */ = {isa = PBXFileReference; explicitFileType = archive.ar; includeInIndex = 0; path = "libPods-StromFacilitate.a"; sourceTree = BUILT_PRODUCTS_DIR; };
		BDADAAA5FBBFAEC10374EDC8 /* Pods-StromFacilitate.debug.xcconfig */ = {isa = PBXFileReference; includeInIndex = 1; lastKnownFileType = text.xcconfig; name = "Pods-StromFacilitate.debug.xcconfig"; path = "Pods/Target Support Files/Pods-StromFacilitate/Pods-StromFacilitate.debug.xcconfig"; sourceTree = "<group>"; };
/* End PBXFileReference section */

/* Begin PBXFrameworksBuildPhase section */
		B891F7DE1CAE71770043BD59 /* Frameworks */ = {
			isa = PBXFrameworksBuildPhase;
			buildActionMask = 2147483647;
			files = (
				BA6B31773B47A5D2FC861294 /* libPods-StromFacilitate.a in Frameworks */,
			);
			runOnlyForDeploymentPostprocessing = 0;
		};
/* End PBXFrameworksBuildPhase section */

/* Begin PBXGroup section */
		001581AC221122510008E21A /* Core */ = {
			isa = PBXGroup;
			children = (
				B891F7FE1CAE72590043BD59 /* Foundation */,
				B891F8161CAE72590043BD59 /* Utilities */,
				B891F7FC1CAE72590043BD59 /* Config */,
				B891F83F1CAF6C2C0043BD59 /* Security */,
				0049F2FE22E5A9210064D2CB /* Extension */,
				001581AD221123600008E21A /* StromCore.h */,
			);
			path = Core;
			sourceTree = "<group>";
		};
		0049F2FE22E5A9210064D2CB /* Extension */ = {
			isa = PBXGroup;
			children = (
				0049F30022E5A9210064D2CB /* NSObject+STM.h */,
				0049F2FF22E5A9210064D2CB /* NSObject+STM.m */,
			);
			path = Extension;
			sourceTree = "<group>";
		};
		00A668891F05FD22002751F6 /* UI */ = {
			isa = PBXGroup;
			children = (
				001581AE221123700008E21A /* StromUI.h */,
				006C57D621A3F78B0040A7BC /* UIApplication+STM.h */,
				006C57D721A3F78B0040A7BC /* UIApplication+STM.m */,
				0067E7662212DD3300D37FA3 /* UIAlertController+STM.h */,
				0067E7672212DD3300D37FA3 /* UIAlertController+STM.m */,
				006C57D921A3FC630040A7BC /* UIDevice+STM.h */,
				006C57DA21A3FC630040A7BC /* UIDevice+STM.m */,
				002FEDCD1FF370EA00EDA602 /* UIView+STM.h */,
				002FEDCE1FF370EA00EDA602 /* UIView+STM.m */,
				00A6688A1F05FD46002751F6 /* UITextField+STM.h */,
				00A6688B1F05FD46002751F6 /* UITextField+STM.m */,
				00E403CF21F9C93C00C89769 /* UITextView+STM.h */,
				00E403D021F9C93C00C89769 /* UITextView+STM.m */,
				0062A28A21706FBA00B46F55 /* UINavigationBar+STM.h */,
				0062A28B21706FBA00B46F55 /* UINavigationBar+STM.m */,
				005B58102223D7FC003D42D3 /* UIBarButtonItem+STM.h */,
				005B58112223D7FC003D42D3 /* UIBarButtonItem+STM.m */,
				005B58132223E510003D42D3 /* UIControl+STM.h */,
				005B58142223E510003D42D3 /* UIControl+STM.m */,
				00917BE423686BA6009E50E3 /* UIGestureRecognizer+STM.h */,
				00917BE523686BA6009E50E3 /* UIGestureRecognizer+STM.m */,
				008C0998210AF24500086B43 /* NSLayoutConstraint+STM.h */,
				008C0999210AF24500086B43 /* NSLayoutConstraint+STM.m */,
				009D4E5C1FFB977A0095F44A /* UIColor+STM.h */,
				009D4E5D1FFB977A0095F44A /* UIColor+STM.m */,
				009D4E5E1FFB977A0095F44A /* UIImage+STM.h */,
				009D4E5B1FFB977A0095F44A /* UIImage+STM.m */,
				006C57DD21A403270040A7BC /* STMDeviceInfo.bundle */,
			);
			path = UI;
			sourceTree = "<group>";
		};
		4CCF0B7DCEEFBFEE59452B0C /* Frameworks */ = {
			isa = PBXGroup;
			children = (
				BC923321BF177D996C433407 /* libPods-StromFacilitate.a */,
			);
			name = Frameworks;
			sourceTree = "<group>";
		};
		6B9A370F0BB6F20079A0C47E /* Pods */ = {
			isa = PBXGroup;
			children = (
				BDADAAA5FBBFAEC10374EDC8 /* Pods-StromFacilitate.debug.xcconfig */,
				9D4A9227B3586FF0561078F4 /* Pods-StromFacilitate.release.xcconfig */,
			);
			name = Pods;
			sourceTree = "<group>";
		};
		B891F7D81CAE71770043BD59 = {
			isa = PBXGroup;
			children = (
				B891F7FB1CAE72590043BD59 /* Strom */,
				B891F7E31CAE71770043BD59 /* StromFacilitate */,
				B891F7E21CAE71770043BD59 /* Products */,
				6B9A370F0BB6F20079A0C47E /* Pods */,
				4CCF0B7DCEEFBFEE59452B0C /* Frameworks */,
			);
			sourceTree = "<group>";
		};
		B891F7E21CAE71770043BD59 /* Products */ = {
			isa = PBXGroup;
			children = (
				B891F7E11CAE71770043BD59 /* StromFacilitate.app */,
			);
			name = Products;
			sourceTree = "<group>";
		};
		B891F7E31CAE71770043BD59 /* StromFacilitate */ = {
			isa = PBXGroup;
			children = (
				B891F7E71CAE71770043BD59 /* AppDelegate.h */,
				B891F7E81CAE71770043BD59 /* AppDelegate.m */,
				B8811A1E1D57842200238644 /* GlobalDefine.h */,
				B891F8231CAE72DB0043BD59 /* Example */,
				B891F7E41CAE71770043BD59 /* Supporting Files */,
			);
			path = StromFacilitate;
			sourceTree = "<group>";
		};
		B891F7E41CAE71770043BD59 /* Supporting Files */ = {
			isa = PBXGroup;
			children = (
				B891F7F01CAE71770043BD59 /* Assets.xcassets */,
				B891F7F21CAE71770043BD59 /* LaunchScreen.storyboard */,
				B891F7F51CAE71770043BD59 /* Info.plist */,
				B891F7E51CAE71770043BD59 /* main.m */,
				B891F82F1CAE76AD0043BD59 /* StromFacilitate-PrefixHeader.pch */,
				0064439D1E6FD93A0011ED3F /* Main.storyboard */,
			);
			name = "Supporting Files";
			sourceTree = "<group>";
		};
		B891F7FB1CAE72590043BD59 /* Strom */ = {
			isa = PBXGroup;
			children = (
				B891F80A1CAE72590043BD59 /* Strom-header.h */,
				001581AC221122510008E21A /* Core */,
				00A668891F05FD22002751F6 /* UI */,
			);
			path = Strom;
			sourceTree = "<group>";
		};
		B891F7FC1CAE72590043BD59 /* Config */ = {
			isa = PBXGroup;
			children = (
				B891F8331CAE7A080043BD59 /* STMConfiguration.h */,
				B891F8341CAE7A080043BD59 /* STMConfiguration.m */,
			);
			path = Config;
			sourceTree = "<group>";
		};
		B891F7FE1CAE72590043BD59 /* Foundation */ = {
			isa = PBXGroup;
			children = (
				00FA6E941FCC2A070050E72C /* NSBundle+STM.h */,
				00FA6E951FCC2A070050E72C /* NSBundle+STM.m */,
				B891F8441CAF6DBC0043BD59 /* NSData+STM.h */,
				B891F8451CAF6DBC0043BD59 /* NSData+STM.m */,
				B891F8051CAE72590043BD59 /* NSDictionary+STM.h */,
				B891F8061CAE72590043BD59 /* NSDictionary+STM.m */,
				00DCE8ED216B5C9900F08BAF /* NSArray+STM.h */,
				00DCE8EE216B5C9900F08BAF /* NSArray+STM.m */,
				B891F8361CAECC9A0043BD59 /* NSString+STM.h */,
				B891F8371CAECC9A0043BD59 /* NSString+STM.m */,
			);
			path = Foundation;
			sourceTree = "<group>";
		};
		B891F8161CAE72590043BD59 /* Utilities */ = {
			isa = PBXGroup;
			children = (
				B891F8171CAE72590043BD59 /* STMObjectRuntime.h */,
				B891F8181CAE72590043BD59 /* STMObjectRuntime.m */,
				003F80B92201B355006169DA /* STMProxy.h */,
				003F80BA2201B355006169DA /* STMProxy.m */,
			);
			path = Utilities;
			sourceTree = "<group>";
		};
		B891F8231CAE72DB0043BD59 /* Example */ = {
			isa = PBXGroup;
			children = (
				B891F8301CAE772C0043BD59 /* ViewController.h */,
				B891F8311CAE772C0043BD59 /* ViewController.m */,
				0067E7692212E04F00D37FA3 /* AlertTableViewController.h */,
				0067E76A2212E04F00D37FA3 /* AlertTableViewController.m */,
				0064439A1E6FD86F0011ED3F /* ImageBlendViewController.h */,
				0064439B1E6FD86F0011ED3F /* ImageBlendViewController.m */,
				00B9BFC21F062A770012E482 /* TextFieldViewController.h */,
				00B9BFC31F062A770012E482 /* TextFieldViewController.m */,
				002FEE191FF4CD0400EDA602 /* CornerRadiusViewController.h */,
				002FEE1A1FF4CD0400EDA602 /* CornerRadiusViewController.m */,
			);
			path = Example;
			sourceTree = "<group>";
		};
		B891F83F1CAF6C2C0043BD59 /* Security */ = {
			isa = PBXGroup;
			children = (
				B891F8401CAF6C580043BD59 /* STMRSAEncryptor.h */,
				B891F8411CAF6C580043BD59 /* STMRSAEncryptor.m */,
				B8B3240E1F40384E00AC2AAF /* NSString+STMHash.h */,
				B8B3240F1F40384E00AC2AAF /* NSString+STMHash.m */,
			);
			path = Security;
			sourceTree = "<group>";
		};
/* End PBXGroup section */

/* Begin PBXNativeTarget section */
		B891F7E01CAE71770043BD59 /* StromFacilitate */ = {
			isa = PBXNativeTarget;
			buildConfigurationList = B891F7F81CAE71770043BD59 /* Build configuration list for PBXNativeTarget "StromFacilitate" */;
			buildPhases = (
				CEB3AB4110085A8FB9F1CAF9 /* [CP] Check Pods Manifest.lock */,
				B891F7DD1CAE71770043BD59 /* Sources */,
				B891F7DE1CAE71770043BD59 /* Frameworks */,
				B891F7DF1CAE71770043BD59 /* Resources */,
			);
			buildRules = (
			);
			dependencies = (
			);
			name = StromFacilitate;
			productName = StromFacilitate;
			productReference = B891F7E11CAE71770043BD59 /* StromFacilitate.app */;
			productType = "com.apple.product-type.application";
		};
/* End PBXNativeTarget section */

/* Begin PBXProject section */
		B891F7D91CAE71770043BD59 /* Project object */ = {
			isa = PBXProject;
			attributes = {
				LastUpgradeCheck = 0720;
				ORGANIZATIONNAME = secoo;
				TargetAttributes = {
					B891F7E01CAE71770043BD59 = {
						CreatedOnToolsVersion = 7.2.1;
						DevelopmentTeam = K2VBE95LX6;
					};
				};
			};
			buildConfigurationList = B891F7DC1CAE71770043BD59 /* Build configuration list for PBXProject "StromFacilitate" */;
			compatibilityVersion = "Xcode 3.2";
			developmentRegion = English;
			hasScannedForEncodings = 0;
			knownRegions = (
				English,
				en,
				Base,
			);
			mainGroup = B891F7D81CAE71770043BD59;
			productRefGroup = B891F7E21CAE71770043BD59 /* Products */;
			projectDirPath = "";
			projectRoot = "";
			targets = (
				B891F7E01CAE71770043BD59 /* StromFacilitate */,
			);
		};
/* End PBXProject section */

/* Begin PBXResourcesBuildPhase section */
		B891F7DF1CAE71770043BD59 /* Resources */ = {
			isa = PBXResourcesBuildPhase;
			buildActionMask = 2147483647;
			files = (
				006C57DE21A403270040A7BC /* STMDeviceInfo.bundle in Resources */,
				0064439E1E6FD93A0011ED3F /* Main.storyboard in Resources */,
				B891F7F41CAE71770043BD59 /* LaunchScreen.storyboard in Resources */,
				B891F7F11CAE71770043BD59 /* Assets.xcassets in Resources */,
			);
			runOnlyForDeploymentPostprocessing = 0;
		};
/* End PBXResourcesBuildPhase section */

/* Begin PBXShellScriptBuildPhase section */
		CEB3AB4110085A8FB9F1CAF9 /* [CP] Check Pods Manifest.lock */ = {
			isa = PBXShellScriptBuildPhase;
			buildActionMask = 2147483647;
			files = (
			);
			inputPaths = (
				"${PODS_PODFILE_DIR_PATH}/Podfile.lock",
				"${PODS_ROOT}/Manifest.lock",
			);
			name = "[CP] Check Pods Manifest.lock";
			outputPaths = (
				"$(DERIVED_FILE_DIR)/Pods-StromFacilitate-checkManifestLockResult.txt",
			);
			runOnlyForDeploymentPostprocessing = 0;
			shellPath = /bin/sh;
			shellScript = "diff \"${PODS_PODFILE_DIR_PATH}/Podfile.lock\" \"${PODS_ROOT}/Manifest.lock\" > /dev/null\nif [ $? != 0 ] ; then\n    # print error to STDERR\n    echo \"error: The sandbox is not in sync with the Podfile.lock. Run 'pod install' or update your CocoaPods installation.\" >&2\n    exit 1\nfi\n# This output is used by Xcode 'outputs' to avoid re-running this script phase.\necho \"SUCCESS\" > \"${SCRIPT_OUTPUT_FILE_0}\"\n";
			showEnvVarsInLog = 0;
		};
/* End PBXShellScriptBuildPhase section */

/* Begin PBXSourcesBuildPhase section */
		B891F7DD1CAE71770043BD59 /* Sources */ = {
			isa = PBXSourcesBuildPhase;
			buildActionMask = 2147483647;
			files = (
				00B9BFC41F062A770012E482 /* TextFieldViewController.m in Sources */,
				0067E7682212DD3300D37FA3 /* UIAlertController+STM.m in Sources */,
				B891F8221CAE72590043BD59 /* STMObjectRuntime.m in Sources */,
				00FA6E961FCC2A070050E72C /* NSBundle+STM.m in Sources */,
				009D4E601FFB977A0095F44A /* UIColor+STM.m in Sources */,
				B891F7E91CAE71770043BD59 /* AppDelegate.m in Sources */,
				006C57DB21A3FC630040A7BC /* UIDevice+STM.m in Sources */,
				0049F30122E5A9220064D2CB /* NSObject+STM.m in Sources */,
				B891F7E61CAE71770043BD59 /* main.m in Sources */,
				B891F8321CAE772C0043BD59 /* ViewController.m in Sources */,
				00917BE623686BA6009E50E3 /* UIGestureRecognizer+STM.m in Sources */,
				B891F8381CAECC9A0043BD59 /* NSString+STM.m in Sources */,
				B891F8351CAE7A080043BD59 /* STMConfiguration.m in Sources */,
				00A6688C1F05FD46002751F6 /* UITextField+STM.m in Sources */,
				005B58152223E510003D42D3 /* UIControl+STM.m in Sources */,
				008C099A210AF24500086B43 /* NSLayoutConstraint+STM.m in Sources */,
				B891F8421CAF6C580043BD59 /* STMRSAEncryptor.m in Sources */,
				0064439C1E6FD86F0011ED3F /* ImageBlendViewController.m in Sources */,
				00E403D121F9C93C00C89769 /* UITextView+STM.m in Sources */,
				0067E76B2212E04F00D37FA3 /* AlertTableViewController.m in Sources */,
				002FEE1B1FF4CD0400EDA602 /* CornerRadiusViewController.m in Sources */,
				B891F8461CAF6DBC0043BD59 /* NSData+STM.m in Sources */,
				00DCE8EF216B5C9900F08BAF /* NSArray+STM.m in Sources */,
				B8B324101F40384E00AC2AAF /* NSString+STMHash.m in Sources */,
				009D4E5F1FFB977A0095F44A /* UIImage+STM.m in Sources */,
				0062A28C21706FBA00B46F55 /* UINavigationBar+STM.m in Sources */,
				003F80BB2201B355006169DA /* STMProxy.m in Sources */,
				005B58122223D7FC003D42D3 /* UIBarButtonItem+STM.m in Sources */,
				B891F81C1CAE72590043BD59 /* NSDictionary+STM.m in Sources */,
				002FEDCF1FF370EA00EDA602 /* UIView+STM.m in Sources */,
				006C57D821A3F78B0040A7BC /* UIApplication+STM.m in Sources */,
			);
			runOnlyForDeploymentPostprocessing = 0;
		};
/* End PBXSourcesBuildPhase section */

/* Begin PBXVariantGroup section */
		B891F7F21CAE71770043BD59 /* LaunchScreen.storyboard */ = {
			isa = PBXVariantGroup;
			children = (
				B891F7F31CAE71770043BD59 /* Base */,
			);
			name = LaunchScreen.storyboard;
			sourceTree = "<group>";
		};
/* End PBXVariantGroup section */

/* Begin XCBuildConfiguration section */
		B891F7F61CAE71770043BD59 /* Debug */ = {
			isa = XCBuildConfiguration;
			buildSettings = {
				ALWAYS_SEARCH_USER_PATHS = NO;
				CLANG_CXX_LANGUAGE_STANDARD = "gnu++0x";
				CLANG_CXX_LIBRARY = "libc++";
				CLANG_ENABLE_MODULES = YES;
				CLANG_ENABLE_OBJC_ARC = YES;
				CLANG_WARN_BOOL_CONVERSION = YES;
				CLANG_WARN_CONSTANT_CONVERSION = YES;
				CLANG_WARN_DIRECT_OBJC_ISA_USAGE = YES_ERROR;
				CLANG_WARN_EMPTY_BODY = YES;
				CLANG_WARN_ENUM_CONVERSION = YES;
				CLANG_WARN_INT_CONVERSION = YES;
				CLANG_WARN_OBJC_ROOT_CLASS = YES_ERROR;
				CLANG_WARN_UNREACHABLE_CODE = YES;
				CLANG_WARN__DUPLICATE_METHOD_MATCH = YES;
				"CODE_SIGN_IDENTITY[sdk=iphoneos*]" = "iPhone Developer";
				COPY_PHASE_STRIP = NO;
				DEBUG_INFORMATION_FORMAT = dwarf;
				ENABLE_STRICT_OBJC_MSGSEND = YES;
				ENABLE_TESTABILITY = YES;
				GCC_C_LANGUAGE_STANDARD = gnu99;
				GCC_DYNAMIC_NO_PIC = NO;
				GCC_NO_COMMON_BLOCKS = YES;
				GCC_OPTIMIZATION_LEVEL = 0;
				GCC_PREPROCESSOR_DEFINITIONS = (
					"DEBUG=1",
					"$(inherited)",
				);
				GCC_WARN_64_TO_32_BIT_CONVERSION = YES;
				GCC_WARN_ABOUT_RETURN_TYPE = YES_ERROR;
				GCC_WARN_UNDECLARED_SELECTOR = YES;
				GCC_WARN_UNINITIALIZED_AUTOS = YES_AGGRESSIVE;
				GCC_WARN_UNUSED_FUNCTION = YES;
				GCC_WARN_UNUSED_VARIABLE = YES;
				IPHONEOS_DEPLOYMENT_TARGET = 9.2;
				MTL_ENABLE_DEBUG_INFO = YES;
				ONLY_ACTIVE_ARCH = YES;
				SDKROOT = iphoneos;
				TARGETED_DEVICE_FAMILY = "1,2";
			};
			name = Debug;
		};
		B891F7F71CAE71770043BD59 /* Release */ = {
			isa = XCBuildConfiguration;
			buildSettings = {
				ALWAYS_SEARCH_USER_PATHS = NO;
				CLANG_CXX_LANGUAGE_STANDARD = "gnu++0x";
				CLANG_CXX_LIBRARY = "libc++";
				CLANG_ENABLE_MODULES = YES;
				CLANG_ENABLE_OBJC_ARC = YES;
				CLANG_WARN_BOOL_CONVERSION = YES;
				CLANG_WARN_CONSTANT_CONVERSION = YES;
				CLANG_WARN_DIRECT_OBJC_ISA_USAGE = YES_ERROR;
				CLANG_WARN_EMPTY_BODY = YES;
				CLANG_WARN_ENUM_CONVERSION = YES;
				CLANG_WARN_INT_CONVERSION = YES;
				CLANG_WARN_OBJC_ROOT_CLASS = YES_ERROR;
				CLANG_WARN_UNREACHABLE_CODE = YES;
				CLANG_WARN__DUPLICATE_METHOD_MATCH = YES;
				"CODE_SIGN_IDENTITY[sdk=iphoneos*]" = "iPhone Developer";
				COPY_PHASE_STRIP = NO;
				DEBUG_INFORMATION_FORMAT = "dwarf-with-dsym";
				ENABLE_NS_ASSERTIONS = NO;
				ENABLE_STRICT_OBJC_MSGSEND = YES;
				GCC_C_LANGUAGE_STANDARD = gnu99;
				GCC_NO_COMMON_BLOCKS = YES;
				GCC_WARN_64_TO_32_BIT_CONVERSION = YES;
				GCC_WARN_ABOUT_RETURN_TYPE = YES_ERROR;
				GCC_WARN_UNDECLARED_SELECTOR = YES;
				GCC_WARN_UNINITIALIZED_AUTOS = YES_AGGRESSIVE;
				GCC_WARN_UNUSED_FUNCTION = YES;
				GCC_WARN_UNUSED_VARIABLE = YES;
				IPHONEOS_DEPLOYMENT_TARGET = 9.2;
				MTL_ENABLE_DEBUG_INFO = NO;
				SDKROOT = iphoneos;
				TARGETED_DEVICE_FAMILY = "1,2";
				VALIDATE_PRODUCT = YES;
			};
			name = Release;
		};
		B891F7F91CAE71770043BD59 /* Debug */ = {
			isa = XCBuildConfiguration;
			baseConfigurationReference = BDADAAA5FBBFAEC10374EDC8 /* Pods-StromFacilitate.debug.xcconfig */;
			buildSettings = {
				ASSETCATALOG_COMPILER_APPICON_NAME = AppIcon;
				DEVELOPMENT_TEAM = K2VBE95LX6;
				GCC_PREFIX_HEADER = "StromFacilitate/StromFacilitate-PrefixHeader.pch";
				INFOPLIST_FILE = StromFacilitate/Info.plist;
				IPHONEOS_DEPLOYMENT_TARGET = 8.0;
				LD_RUNPATH_SEARCH_PATHS = "$(inherited) @executable_path/Frameworks";
				PRODUCT_BUNDLE_IDENTIFIER = com.douking.www.StromFacilitate;
				PRODUCT_NAME = "$(TARGET_NAME)";
			};
			name = Debug;
		};
		B891F7FA1CAE71770043BD59 /* Release */ = {
			isa = XCBuildConfiguration;
			baseConfigurationReference = 9D4A9227B3586FF0561078F4 /* Pods-StromFacilitate.release.xcconfig */;
			buildSettings = {
				ASSETCATALOG_COMPILER_APPICON_NAME = AppIcon;
				DEVELOPMENT_TEAM = K2VBE95LX6;
				GCC_PREFIX_HEADER = "StromFacilitate/StromFacilitate-PrefixHeader.pch";
				INFOPLIST_FILE = StromFacilitate/Info.plist;
				IPHONEOS_DEPLOYMENT_TARGET = 8.0;
				LD_RUNPATH_SEARCH_PATHS = "$(inherited) @executable_path/Frameworks";
				PRODUCT_BUNDLE_IDENTIFIER = com.douking.www.StromFacilitate;
				PRODUCT_NAME = "$(TARGET_NAME)";
			};
			name = Release;
		};
/* End XCBuildConfiguration section */

/* Begin XCConfigurationList section */
		B891F7DC1CAE71770043BD59 /* Build configuration list for PBXProject "StromFacilitate" */ = {
			isa = XCConfigurationList;
			buildConfigurations = (
				B891F7F61CAE71770043BD59 /* Debug */,
				B891F7F71CAE71770043BD59 /* Release */,
			);
			defaultConfigurationIsVisible = 0;
			defaultConfigurationName = Release;
		};
		B891F7F81CAE71770043BD59 /* Build configuration list for PBXNativeTarget "StromFacilitate" */ = {
			isa = XCConfigurationList;
			buildConfigurations = (
				B891F7F91CAE71770043BD59 /* Debug */,
				B891F7FA1CAE71770043BD59 /* Release */,
			);
			defaultConfigurationIsVisible = 0;
			defaultConfigurationName = Release;
		};
/* End XCConfigurationList section */
	};
	rootObject = B891F7D91CAE71770043BD59 /* Project object */;
}
