// !$*UTF8*$!
{
	archiveVersion = 1;
	classes = {
	};
	objectVersion = 46;
	objects = {

/* Begin PBXBuildFile section */
		A9E202CC02A68FB6D1190FB2 /* libPods.a in Frameworks */ = {isa = PBXBuildFile; fileRef = 432F79F15A36EE5E5490C65B /* libPods.a */; };
		B839EC121CD6F832002667D6 /* UINavigationController+STM.m in Sources */ = {isa = PBXBuildFile; fileRef = B839EC111CD6F832002667D6 /* UINavigationController+STM.m */; };
		B87169A11CD60CF7009D166A /* DetailViewController.m in Sources */ = {isa = PBXBuildFile; fileRef = B87169A01CD60CF7009D166A /* DetailViewController.m */; };
		B87169A41CD612E7009D166A /* back@2x.png in Resources */ = {isa = PBXBuildFile; fileRef = B87169A21CD612E7009D166A /* back@2x.png */; };
		B87169A51CD612E7009D166A /* back@3x.png in Resources */ = {isa = PBXBuildFile; fileRef = B87169A31CD612E7009D166A /* back@3x.png */; };
		B891F7E61CAE71770043BD59 /* main.m in Sources */ = {isa = PBXBuildFile; fileRef = B891F7E51CAE71770043BD59 /* main.m */; };
		B891F7E91CAE71770043BD59 /* AppDelegate.m in Sources */ = {isa = PBXBuildFile; fileRef = B891F7E81CAE71770043BD59 /* AppDelegate.m */; };
		B891F7F11CAE71770043BD59 /* Assets.xcassets in Resources */ = {isa = PBXBuildFile; fileRef = B891F7F01CAE71770043BD59 /* Assets.xcassets */; };
		B891F7F41CAE71770043BD59 /* LaunchScreen.storyboard in Resources */ = {isa = PBXBuildFile; fileRef = B891F7F21CAE71770043BD59 /* LaunchScreen.storyboard */; };
		B891F81A1CAE72590043BD59 /* NSArray+STM.m in Sources */ = {isa = PBXBuildFile; fileRef = B891F8011CAE72590043BD59 /* NSArray+STM.m */; };
		B891F81B1CAE72590043BD59 /* NSMutableArray+STM.m in Sources */ = {isa = PBXBuildFile; fileRef = B891F8031CAE72590043BD59 /* NSMutableArray+STM.m */; };
		B891F81C1CAE72590043BD59 /* NSDictionary+STM.m in Sources */ = {isa = PBXBuildFile; fileRef = B891F8061CAE72590043BD59 /* NSDictionary+STM.m */; };
		B891F81D1CAE72590043BD59 /* NSMutableDictionary+STM.m in Sources */ = {isa = PBXBuildFile; fileRef = B891F8081CAE72590043BD59 /* NSMutableDictionary+STM.m */; };
		B891F8211CAE72590043BD59 /* UIViewController+STM.m in Sources */ = {isa = PBXBuildFile; fileRef = B891F8141CAE72590043BD59 /* UIViewController+STM.m */; };
		B891F8221CAE72590043BD59 /* STMObjectRuntime.m in Sources */ = {isa = PBXBuildFile; fileRef = B891F8181CAE72590043BD59 /* STMObjectRuntime.m */; };
		B891F82E1CAE738F0043BD59 /* UIColor+STM.m in Sources */ = {isa = PBXBuildFile; fileRef = B891F82D1CAE738F0043BD59 /* UIColor+STM.m */; };
		B891F8321CAE772C0043BD59 /* ViewController.m in Sources */ = {isa = PBXBuildFile; fileRef = B891F8311CAE772C0043BD59 /* ViewController.m */; };
		B891F8351CAE7A080043BD59 /* STMConfiguration.m in Sources */ = {isa = PBXBuildFile; fileRef = B891F8341CAE7A080043BD59 /* STMConfiguration.m */; };
		B891F8381CAECC9A0043BD59 /* NSString+STM.m in Sources */ = {isa = PBXBuildFile; fileRef = B891F8371CAECC9A0043BD59 /* NSString+STM.m */; };
		B891F8421CAF6C580043BD59 /* STMRSAEncryptor.m in Sources */ = {isa = PBXBuildFile; fileRef = B891F8411CAF6C580043BD59 /* STMRSAEncryptor.m */; };
		B891F8461CAF6DBC0043BD59 /* NSData+STM.m in Sources */ = {isa = PBXBuildFile; fileRef = B891F8451CAF6DBC0043BD59 /* NSData+STM.m */; };
/* End PBXBuildFile section */

/* Begin PBXFileReference section */
		432F79F15A36EE5E5490C65B /* libPods.a */ = {isa = PBXFileReference; explicitFileType = archive.ar; includeInIndex = 0; path = libPods.a; sourceTree = BUILT_PRODUCTS_DIR; };
		75E2586A8919587421916D94 /* Pods.debug.xcconfig */ = {isa = PBXFileReference; includeInIndex = 1; lastKnownFileType = text.xcconfig; name = Pods.debug.xcconfig; path = "Pods/Target Support Files/Pods/Pods.debug.xcconfig"; sourceTree = "<group>"; };
		91B1D6C13E64563B8A00508B /* Pods.release.xcconfig */ = {isa = PBXFileReference; includeInIndex = 1; lastKnownFileType = text.xcconfig; name = Pods.release.xcconfig; path = "Pods/Target Support Files/Pods/Pods.release.xcconfig"; sourceTree = "<group>"; };
		B839EC101CD6F832002667D6 /* UINavigationController+STM.h */ = {isa = PBXFileReference; fileEncoding = 4; lastKnownFileType = sourcecode.c.h; path = "UINavigationController+STM.h"; sourceTree = "<group>"; };
		B839EC111CD6F832002667D6 /* UINavigationController+STM.m */ = {isa = PBXFileReference; fileEncoding = 4; lastKnownFileType = sourcecode.c.objc; path = "UINavigationController+STM.m"; sourceTree = "<group>"; };
		B871699F1CD60CF7009D166A /* DetailViewController.h */ = {isa = PBXFileReference; fileEncoding = 4; lastKnownFileType = sourcecode.c.h; path = DetailViewController.h; sourceTree = "<group>"; };
		B87169A01CD60CF7009D166A /* DetailViewController.m */ = {isa = PBXFileReference; fileEncoding = 4; lastKnownFileType = sourcecode.c.objc; path = DetailViewController.m; sourceTree = "<group>"; };
		B87169A21CD612E7009D166A /* back@2x.png */ = {isa = PBXFileReference; lastKnownFileType = image.png; path = "back@2x.png"; sourceTree = "<group>"; };
		B87169A31CD612E7009D166A /* back@3x.png */ = {isa = PBXFileReference; lastKnownFileType = image.png; path = "back@3x.png"; sourceTree = "<group>"; };
		B891F7E11CAE71770043BD59 /* StromFacilitate.app */ = {isa = PBXFileReference; explicitFileType = wrapper.application; includeInIndex = 0; path = StromFacilitate.app; sourceTree = BUILT_PRODUCTS_DIR; };
		B891F7E51CAE71770043BD59 /* main.m */ = {isa = PBXFileReference; lastKnownFileType = sourcecode.c.objc; path = main.m; sourceTree = "<group>"; };
		B891F7E71CAE71770043BD59 /* AppDelegate.h */ = {isa = PBXFileReference; lastKnownFileType = sourcecode.c.h; path = AppDelegate.h; sourceTree = "<group>"; };
		B891F7E81CAE71770043BD59 /* AppDelegate.m */ = {isa = PBXFileReference; lastKnownFileType = sourcecode.c.objc; path = AppDelegate.m; sourceTree = "<group>"; };
		B891F7F01CAE71770043BD59 /* Assets.xcassets */ = {isa = PBXFileReference; lastKnownFileType = folder.assetcatalog; path = Assets.xcassets; sourceTree = "<group>"; };
		B891F7F31CAE71770043BD59 /* Base */ = {isa = PBXFileReference; lastKnownFileType = file.storyboard; name = Base; path = Base.lproj/LaunchScreen.storyboard; sourceTree = "<group>"; };
		B891F7F51CAE71770043BD59 /* Info.plist */ = {isa = PBXFileReference; lastKnownFileType = text.plist.xml; path = Info.plist; sourceTree = "<group>"; };
		B891F8001CAE72590043BD59 /* NSArray+STM.h */ = {isa = PBXFileReference; fileEncoding = 4; lastKnownFileType = sourcecode.c.h; path = "NSArray+STM.h"; sourceTree = "<group>"; };
		B891F8011CAE72590043BD59 /* NSArray+STM.m */ = {isa = PBXFileReference; fileEncoding = 4; lastKnownFileType = sourcecode.c.objc; path = "NSArray+STM.m"; sourceTree = "<group>"; };
		B891F8021CAE72590043BD59 /* NSMutableArray+STM.h */ = {isa = PBXFileReference; fileEncoding = 4; lastKnownFileType = sourcecode.c.h; path = "NSMutableArray+STM.h"; sourceTree = "<group>"; };
		B891F8031CAE72590043BD59 /* NSMutableArray+STM.m */ = {isa = PBXFileReference; fileEncoding = 4; lastKnownFileType = sourcecode.c.objc; path = "NSMutableArray+STM.m"; sourceTree = "<group>"; };
		B891F8051CAE72590043BD59 /* NSDictionary+STM.h */ = {isa = PBXFileReference; fileEncoding = 4; lastKnownFileType = sourcecode.c.h; path = "NSDictionary+STM.h"; sourceTree = "<group>"; };
		B891F8061CAE72590043BD59 /* NSDictionary+STM.m */ = {isa = PBXFileReference; fileEncoding = 4; lastKnownFileType = sourcecode.c.objc; path = "NSDictionary+STM.m"; sourceTree = "<group>"; };
		B891F8071CAE72590043BD59 /* NSMutableDictionary+STM.h */ = {isa = PBXFileReference; fileEncoding = 4; lastKnownFileType = sourcecode.c.h; path = "NSMutableDictionary+STM.h"; sourceTree = "<group>"; };
		B891F8081CAE72590043BD59 /* NSMutableDictionary+STM.m */ = {isa = PBXFileReference; fileEncoding = 4; lastKnownFileType = sourcecode.c.objc; path = "NSMutableDictionary+STM.m"; sourceTree = "<group>"; };
		B891F80A1CAE72590043BD59 /* Strom-header.h */ = {isa = PBXFileReference; fileEncoding = 4; lastKnownFileType = sourcecode.c.h; path = "Strom-header.h"; sourceTree = "<group>"; };
		B891F8131CAE72590043BD59 /* UIViewController+STM.h */ = {isa = PBXFileReference; fileEncoding = 4; lastKnownFileType = sourcecode.c.h; path = "UIViewController+STM.h"; sourceTree = "<group>"; };
		B891F8141CAE72590043BD59 /* UIViewController+STM.m */ = {isa = PBXFileReference; fileEncoding = 4; lastKnownFileType = sourcecode.c.objc; path = "UIViewController+STM.m"; sourceTree = "<group>"; };
		B891F8171CAE72590043BD59 /* STMObjectRuntime.h */ = {isa = PBXFileReference; fileEncoding = 4; lastKnownFileType = sourcecode.c.h; path = STMObjectRuntime.h; sourceTree = "<group>"; };
		B891F8181CAE72590043BD59 /* STMObjectRuntime.m */ = {isa = PBXFileReference; fileEncoding = 4; lastKnownFileType = sourcecode.c.objc; path = STMObjectRuntime.m; sourceTree = "<group>"; };
		B891F82C1CAE738F0043BD59 /* UIColor+STM.h */ = {isa = PBXFileReference; fileEncoding = 4; lastKnownFileType = sourcecode.c.h; path = "UIColor+STM.h"; sourceTree = "<group>"; };
		B891F82D1CAE738F0043BD59 /* UIColor+STM.m */ = {isa = PBXFileReference; fileEncoding = 4; lastKnownFileType = sourcecode.c.objc; path = "UIColor+STM.m"; sourceTree = "<group>"; };
		B891F82F1CAE76AD0043BD59 /* StromFacilitate-PrefixHeader.pch */ = {isa = PBXFileReference; lastKnownFileType = sourcecode.c.h; path = "StromFacilitate-PrefixHeader.pch"; sourceTree = "<group>"; };
		B891F8301CAE772C0043BD59 /* ViewController.h */ = {isa = PBXFileReference; fileEncoding = 4; lastKnownFileType = sourcecode.c.h; path = ViewController.h; sourceTree = "<group>"; };
		B891F8311CAE772C0043BD59 /* ViewController.m */ = {isa = PBXFileReference; fileEncoding = 4; lastKnownFileType = sourcecode.c.objc; path = ViewController.m; sourceTree = "<group>"; };
		B891F8331CAE7A080043BD59 /* STMConfiguration.h */ = {isa = PBXFileReference; fileEncoding = 4; lastKnownFileType = sourcecode.c.h; path = STMConfiguration.h; sourceTree = "<group>"; };
		B891F8341CAE7A080043BD59 /* STMConfiguration.m */ = {isa = PBXFileReference; fileEncoding = 4; lastKnownFileType = sourcecode.c.objc; path = STMConfiguration.m; sourceTree = "<group>"; };
		B891F8361CAECC9A0043BD59 /* NSString+STM.h */ = {isa = PBXFileReference; fileEncoding = 4; lastKnownFileType = sourcecode.c.h; path = "NSString+STM.h"; sourceTree = "<group>"; };
		B891F8371CAECC9A0043BD59 /* NSString+STM.m */ = {isa = PBXFileReference; fileEncoding = 4; lastKnownFileType = sourcecode.c.objc; path = "NSString+STM.m"; sourceTree = "<group>"; };
		B891F8401CAF6C580043BD59 /* STMRSAEncryptor.h */ = {isa = PBXFileReference; fileEncoding = 4; lastKnownFileType = sourcecode.c.h; path = STMRSAEncryptor.h; sourceTree = "<group>"; };
		B891F8411CAF6C580043BD59 /* STMRSAEncryptor.m */ = {isa = PBXFileReference; fileEncoding = 4; lastKnownFileType = sourcecode.c.objc; path = STMRSAEncryptor.m; sourceTree = "<group>"; };
		B891F8441CAF6DBC0043BD59 /* NSData+STM.h */ = {isa = PBXFileReference; fileEncoding = 4; lastKnownFileType = sourcecode.c.h; path = "NSData+STM.h"; sourceTree = "<group>"; };
		B891F8451CAF6DBC0043BD59 /* NSData+STM.m */ = {isa = PBXFileReference; fileEncoding = 4; lastKnownFileType = sourcecode.c.objc; path = "NSData+STM.m"; sourceTree = "<group>"; };
/* End PBXFileReference section */

/* Begin PBXFrameworksBuildPhase section */
		B891F7DE1CAE71770043BD59 /* Frameworks */ = {
			isa = PBXFrameworksBuildPhase;
			buildActionMask = 2147483647;
			files = (
				A9E202CC02A68FB6D1190FB2 /* libPods.a in Frameworks */,
			);
			runOnlyForDeploymentPostprocessing = 0;
		};
/* End PBXFrameworksBuildPhase section */

/* Begin PBXGroup section */
		4DF266538DD445E6C08FDE60 /* Frameworks */ = {
			isa = PBXGroup;
			children = (
				432F79F15A36EE5E5490C65B /* libPods.a */,
			);
			name = Frameworks;
			sourceTree = "<group>";
		};
		B7C59C53CA6D19C3ADE63F8E /* Pods */ = {
			isa = PBXGroup;
			children = (
				75E2586A8919587421916D94 /* Pods.debug.xcconfig */,
				91B1D6C13E64563B8A00508B /* Pods.release.xcconfig */,
			);
			name = Pods;
			sourceTree = "<group>";
		};
		B891F7D81CAE71770043BD59 = {
			isa = PBXGroup;
			children = (
				B891F7FB1CAE72590043BD59 /* Strom */,
				B891F7E31CAE71770043BD59 /* StromFacilitate */,
				B891F7E21CAE71770043BD59 /* Products */,
				B7C59C53CA6D19C3ADE63F8E /* Pods */,
				4DF266538DD445E6C08FDE60 /* Frameworks */,
			);
			sourceTree = "<group>";
		};
		B891F7E21CAE71770043BD59 /* Products */ = {
			isa = PBXGroup;
			children = (
				B891F7E11CAE71770043BD59 /* StromFacilitate.app */,
			);
			name = Products;
			sourceTree = "<group>";
		};
		B891F7E31CAE71770043BD59 /* StromFacilitate */ = {
			isa = PBXGroup;
			children = (
				B891F7E71CAE71770043BD59 /* AppDelegate.h */,
				B891F7E81CAE71770043BD59 /* AppDelegate.m */,
				B891F8231CAE72DB0043BD59 /* Example */,
				B891F8261CAE72DB0043BD59 /* Venders */,
				B891F7E41CAE71770043BD59 /* Supporting Files */,
			);
			path = StromFacilitate;
			sourceTree = "<group>";
		};
		B891F7E41CAE71770043BD59 /* Supporting Files */ = {
			isa = PBXGroup;
			children = (
				B87169A21CD612E7009D166A /* back@2x.png */,
				B87169A31CD612E7009D166A /* back@3x.png */,
				B891F7F01CAE71770043BD59 /* Assets.xcassets */,
				B891F7F21CAE71770043BD59 /* LaunchScreen.storyboard */,
				B891F7F51CAE71770043BD59 /* Info.plist */,
				B891F7E51CAE71770043BD59 /* main.m */,
				B891F82F1CAE76AD0043BD59 /* StromFacilitate-PrefixHeader.pch */,
			);
			name = "Supporting Files";
			sourceTree = "<group>";
		};
		B891F7FB1CAE72590043BD59 /* Strom */ = {
			isa = PBXGroup;
			children = (
				B891F80A1CAE72590043BD59 /* Strom-header.h */,
				B891F83F1CAF6C2C0043BD59 /* Security */,
				B891F7FC1CAE72590043BD59 /* Config */,
				B891F7FE1CAE72590043BD59 /* Foundation */,
				B891F80B1CAE72590043BD59 /* UI */,
				B891F8161CAE72590043BD59 /* Utilities */,
				B891F8191CAE72590043BD59 /* Venders */,
			);
			path = Strom;
			sourceTree = "<group>";
		};
		B891F7FC1CAE72590043BD59 /* Config */ = {
			isa = PBXGroup;
			children = (
				B891F8331CAE7A080043BD59 /* STMConfiguration.h */,
				B891F8341CAE7A080043BD59 /* STMConfiguration.m */,
			);
			path = Config;
			sourceTree = "<group>";
		};
		B891F7FE1CAE72590043BD59 /* Foundation */ = {
			isa = PBXGroup;
			children = (
				B891F8431CAF6DAD0043BD59 /* NSData */,
				B891F7FF1CAE72590043BD59 /* NSArray */,
				B891F8041CAE72590043BD59 /* NSDictionary */,
				B891F8091CAE72590043BD59 /* NSString */,
			);
			path = Foundation;
			sourceTree = "<group>";
		};
		B891F7FF1CAE72590043BD59 /* NSArray */ = {
			isa = PBXGroup;
			children = (
				B891F8001CAE72590043BD59 /* NSArray+STM.h */,
				B891F8011CAE72590043BD59 /* NSArray+STM.m */,
				B891F8021CAE72590043BD59 /* NSMutableArray+STM.h */,
				B891F8031CAE72590043BD59 /* NSMutableArray+STM.m */,
			);
			path = NSArray;
			sourceTree = "<group>";
		};
		B891F8041CAE72590043BD59 /* NSDictionary */ = {
			isa = PBXGroup;
			children = (
				B891F8051CAE72590043BD59 /* NSDictionary+STM.h */,
				B891F8061CAE72590043BD59 /* NSDictionary+STM.m */,
				B891F8071CAE72590043BD59 /* NSMutableDictionary+STM.h */,
				B891F8081CAE72590043BD59 /* NSMutableDictionary+STM.m */,
			);
			path = NSDictionary;
			sourceTree = "<group>";
		};
		B891F8091CAE72590043BD59 /* NSString */ = {
			isa = PBXGroup;
			children = (
				B891F8361CAECC9A0043BD59 /* NSString+STM.h */,
				B891F8371CAECC9A0043BD59 /* NSString+STM.m */,
			);
			path = NSString;
			sourceTree = "<group>";
		};
		B891F80B1CAE72590043BD59 /* UI */ = {
			isa = PBXGroup;
			children = (
				B891F80C1CAE72590043BD59 /* ViewControllers */,
				B891F8151CAE72590043BD59 /* Views */,
				B891F8281CAE736C0043BD59 /* Color */,
				B891F8291CAE736C0043BD59 /* Control */,
				B891F82A1CAE736C0043BD59 /* Font */,
				B891F82B1CAE736C0043BD59 /* Image */,
			);
			path = UI;
			sourceTree = "<group>";
		};
		B891F80C1CAE72590043BD59 /* ViewControllers */ = {
			isa = PBXGroup;
			children = (
				B891F8131CAE72590043BD59 /* UIViewController+STM.h */,
				B891F8141CAE72590043BD59 /* UIViewController+STM.m */,
				B839EC101CD6F832002667D6 /* UINavigationController+STM.h */,
				B839EC111CD6F832002667D6 /* UINavigationController+STM.m */,
			);
			path = ViewControllers;
			sourceTree = "<group>";
		};
		B891F8151CAE72590043BD59 /* Views */ = {
			isa = PBXGroup;
			children = (
			);
			path = Views;
			sourceTree = "<group>";
		};
		B891F8161CAE72590043BD59 /* Utilities */ = {
			isa = PBXGroup;
			children = (
				B891F8171CAE72590043BD59 /* STMObjectRuntime.h */,
				B891F8181CAE72590043BD59 /* STMObjectRuntime.m */,
			);
			path = Utilities;
			sourceTree = "<group>";
		};
		B891F8191CAE72590043BD59 /* Venders */ = {
			isa = PBXGroup;
			children = (
			);
			path = Venders;
			sourceTree = "<group>";
		};
		B891F8231CAE72DB0043BD59 /* Example */ = {
			isa = PBXGroup;
			children = (
				B891F8301CAE772C0043BD59 /* ViewController.h */,
				B891F8311CAE772C0043BD59 /* ViewController.m */,
				B871699F1CD60CF7009D166A /* DetailViewController.h */,
				B87169A01CD60CF7009D166A /* DetailViewController.m */,
			);
			path = Example;
			sourceTree = "<group>";
		};
		B891F8261CAE72DB0043BD59 /* Venders */ = {
			isa = PBXGroup;
			children = (
			);
			path = Venders;
			sourceTree = "<group>";
		};
		B891F8281CAE736C0043BD59 /* Color */ = {
			isa = PBXGroup;
			children = (
				B891F82C1CAE738F0043BD59 /* UIColor+STM.h */,
				B891F82D1CAE738F0043BD59 /* UIColor+STM.m */,
			);
			path = Color;
			sourceTree = "<group>";
		};
		B891F8291CAE736C0043BD59 /* Control */ = {
			isa = PBXGroup;
			children = (
			);
			path = Control;
			sourceTree = "<group>";
		};
		B891F82A1CAE736C0043BD59 /* Font */ = {
			isa = PBXGroup;
			children = (
			);
			path = Font;
			sourceTree = "<group>";
		};
		B891F82B1CAE736C0043BD59 /* Image */ = {
			isa = PBXGroup;
			children = (
			);
			path = Image;
			sourceTree = "<group>";
		};
		B891F83F1CAF6C2C0043BD59 /* Security */ = {
			isa = PBXGroup;
			children = (
				B891F8401CAF6C580043BD59 /* STMRSAEncryptor.h */,
				B891F8411CAF6C580043BD59 /* STMRSAEncryptor.m */,
			);
			path = Security;
			sourceTree = "<group>";
		};
		B891F8431CAF6DAD0043BD59 /* NSData */ = {
			isa = PBXGroup;
			children = (
				B891F8441CAF6DBC0043BD59 /* NSData+STM.h */,
				B891F8451CAF6DBC0043BD59 /* NSData+STM.m */,
			);
			path = NSData;
			sourceTree = "<group>";
		};
/* End PBXGroup section */

/* Begin PBXNativeTarget section */
		B891F7E01CAE71770043BD59 /* StromFacilitate */ = {
			isa = PBXNativeTarget;
			buildConfigurationList = B891F7F81CAE71770043BD59 /* Build configuration list for PBXNativeTarget "StromFacilitate" */;
			buildPhases = (
				5EFD74F776FB41ED3B0261E7 /* Check Pods Manifest.lock */,
				B891F7DD1CAE71770043BD59 /* Sources */,
				B891F7DE1CAE71770043BD59 /* Frameworks */,
				B891F7DF1CAE71770043BD59 /* Resources */,
				62BFDA496DD44956B5D676E1 /* Embed Pods Frameworks */,
				3FA15C53E24246156330400F /* Copy Pods Resources */,
			);
			buildRules = (
			);
			dependencies = (
			);
			name = StromFacilitate;
			productName = StromFacilitate;
			productReference = B891F7E11CAE71770043BD59 /* StromFacilitate.app */;
			productType = "com.apple.product-type.application";
		};
/* End PBXNativeTarget section */

/* Begin PBXProject section */
		B891F7D91CAE71770043BD59 /* Project object */ = {
			isa = PBXProject;
			attributes = {
				LastUpgradeCheck = 0720;
				ORGANIZATIONNAME = secoo;
				TargetAttributes = {
					B891F7E01CAE71770043BD59 = {
						CreatedOnToolsVersion = 7.2.1;
					};
				};
			};
			buildConfigurationList = B891F7DC1CAE71770043BD59 /* Build configuration list for PBXProject "StromFacilitate" */;
			compatibilityVersion = "Xcode 3.2";
			developmentRegion = English;
			hasScannedForEncodings = 0;
			knownRegions = (
				en,
				Base,
			);
			mainGroup = B891F7D81CAE71770043BD59;
			productRefGroup = B891F7E21CAE71770043BD59 /* Products */;
			projectDirPath = "";
			projectRoot = "";
			targets = (
				B891F7E01CAE71770043BD59 /* StromFacilitate */,
			);
		};
/* End PBXProject section */

/* Begin PBXResourcesBuildPhase section */
		B891F7DF1CAE71770043BD59 /* Resources */ = {
			isa = PBXResourcesBuildPhase;
			buildActionMask = 2147483647;
			files = (
				B891F7F41CAE71770043BD59 /* LaunchScreen.storyboard in Resources */,
				B891F7F11CAE71770043BD59 /* Assets.xcassets in Resources */,
				B87169A51CD612E7009D166A /* back@3x.png in Resources */,
				B87169A41CD612E7009D166A /* back@2x.png in Resources */,
			);
			runOnlyForDeploymentPostprocessing = 0;
		};
/* End PBXResourcesBuildPhase section */

/* Begin PBXShellScriptBuildPhase section */
		3FA15C53E24246156330400F /* Copy Pods Resources */ = {
			isa = PBXShellScriptBuildPhase;
			buildActionMask = 2147483647;
			files = (
			);
			inputPaths = (
			);
			name = "Copy Pods Resources";
			outputPaths = (
			);
			runOnlyForDeploymentPostprocessing = 0;
			shellPath = /bin/sh;
			shellScript = "\"${SRCROOT}/Pods/Target Support Files/Pods/Pods-resources.sh\"\n";
			showEnvVarsInLog = 0;
		};
		5EFD74F776FB41ED3B0261E7 /* Check Pods Manifest.lock */ = {
			isa = PBXShellScriptBuildPhase;
			buildActionMask = 2147483647;
			files = (
			);
			inputPaths = (
			);
			name = "Check Pods Manifest.lock";
			outputPaths = (
			);
			runOnlyForDeploymentPostprocessing = 0;
			shellPath = /bin/sh;
			shellScript = "diff \"${PODS_ROOT}/../Podfile.lock\" \"${PODS_ROOT}/Manifest.lock\" > /dev/null\nif [[ $? != 0 ]] ; then\n    cat << EOM\nerror: The sandbox is not in sync with the Podfile.lock. Run 'pod install' or update your CocoaPods installation.\nEOM\n    exit 1\nfi\n";
			showEnvVarsInLog = 0;
		};
		62BFDA496DD44956B5D676E1 /* Embed Pods Frameworks */ = {
			isa = PBXShellScriptBuildPhase;
			buildActionMask = 2147483647;
			files = (
			);
			inputPaths = (
			);
			name = "Embed Pods Frameworks";
			outputPaths = (
			);
			runOnlyForDeploymentPostprocessing = 0;
			shellPath = /bin/sh;
			shellScript = "\"${SRCROOT}/Pods/Target Support Files/Pods/Pods-frameworks.sh\"\n";
			showEnvVarsInLog = 0;
		};
/* End PBXShellScriptBuildPhase section */

/* Begin PBXSourcesBuildPhase section */
		B891F7DD1CAE71770043BD59 /* Sources */ = {
			isa = PBXSourcesBuildPhase;
			buildActionMask = 2147483647;
			files = (
				B891F8221CAE72590043BD59 /* STMObjectRuntime.m in Sources */,
				B891F81D1CAE72590043BD59 /* NSMutableDictionary+STM.m in Sources */,
				B891F82E1CAE738F0043BD59 /* UIColor+STM.m in Sources */,
				B87169A11CD60CF7009D166A /* DetailViewController.m in Sources */,
				B891F7E91CAE71770043BD59 /* AppDelegate.m in Sources */,
				B891F7E61CAE71770043BD59 /* main.m in Sources */,
				B891F8321CAE772C0043BD59 /* ViewController.m in Sources */,
				B891F8381CAECC9A0043BD59 /* NSString+STM.m in Sources */,
				B891F8211CAE72590043BD59 /* UIViewController+STM.m in Sources */,
				B891F81A1CAE72590043BD59 /* NSArray+STM.m in Sources */,
				B891F8351CAE7A080043BD59 /* STMConfiguration.m in Sources */,
				B891F81B1CAE72590043BD59 /* NSMutableArray+STM.m in Sources */,
				B891F8421CAF6C580043BD59 /* STMRSAEncryptor.m in Sources */,
				B891F8461CAF6DBC0043BD59 /* NSData+STM.m in Sources */,
				B839EC121CD6F832002667D6 /* UINavigationController+STM.m in Sources */,
				B891F81C1CAE72590043BD59 /* NSDictionary+STM.m in Sources */,
			);
			runOnlyForDeploymentPostprocessing = 0;
		};
/* End PBXSourcesBuildPhase section */

/* Begin PBXVariantGroup section */
		B891F7F21CAE71770043BD59 /* LaunchScreen.storyboard */ = {
			isa = PBXVariantGroup;
			children = (
				B891F7F31CAE71770043BD59 /* Base */,
			);
			name = LaunchScreen.storyboard;
			sourceTree = "<group>";
		};
/* End PBXVariantGroup section */

/* Begin XCBuildConfiguration section */
		B891F7F61CAE71770043BD59 /* Debug */ = {
			isa = XCBuildConfiguration;
			buildSettings = {
				ALWAYS_SEARCH_USER_PATHS = NO;
				CLANG_CXX_LANGUAGE_STANDARD = "gnu++0x";
				CLANG_CXX_LIBRARY = "libc++";
				CLANG_ENABLE_MODULES = YES;
				CLANG_ENABLE_OBJC_ARC = YES;
				CLANG_WARN_BOOL_CONVERSION = YES;
				CLANG_WARN_CONSTANT_CONVERSION = YES;
				CLANG_WARN_DIRECT_OBJC_ISA_USAGE = YES_ERROR;
				CLANG_WARN_EMPTY_BODY = YES;
				CLANG_WARN_ENUM_CONVERSION = YES;
				CLANG_WARN_INT_CONVERSION = YES;
				CLANG_WARN_OBJC_ROOT_CLASS = YES_ERROR;
				CLANG_WARN_UNREACHABLE_CODE = YES;
				CLANG_WARN__DUPLICATE_METHOD_MATCH = YES;
				"CODE_SIGN_IDENTITY[sdk=iphoneos*]" = "iPhone Developer";
				COPY_PHASE_STRIP = NO;
				DEBUG_INFORMATION_FORMAT = dwarf;
				ENABLE_STRICT_OBJC_MSGSEND = YES;
				ENABLE_TESTABILITY = YES;
				GCC_C_LANGUAGE_STANDARD = gnu99;
				GCC_DYNAMIC_NO_PIC = NO;
				GCC_NO_COMMON_BLOCKS = YES;
				GCC_OPTIMIZATION_LEVEL = 0;
				GCC_PREPROCESSOR_DEFINITIONS = (
					"DEBUG=1",
					"$(inherited)",
				);
				GCC_WARN_64_TO_32_BIT_CONVERSION = YES;
				GCC_WARN_ABOUT_RETURN_TYPE = YES_ERROR;
				GCC_WARN_UNDECLARED_SELECTOR = YES;
				GCC_WARN_UNINITIALIZED_AUTOS = YES_AGGRESSIVE;
				GCC_WARN_UNUSED_FUNCTION = YES;
				GCC_WARN_UNUSED_VARIABLE = YES;
				IPHONEOS_DEPLOYMENT_TARGET = 9.2;
				MTL_ENABLE_DEBUG_INFO = YES;
				ONLY_ACTIVE_ARCH = YES;
				SDKROOT = iphoneos;
				TARGETED_DEVICE_FAMILY = "1,2";
			};
			name = Debug;
		};
		B891F7F71CAE71770043BD59 /* Release */ = {
			isa = XCBuildConfiguration;
			buildSettings = {
				ALWAYS_SEARCH_USER_PATHS = NO;
				CLANG_CXX_LANGUAGE_STANDARD = "gnu++0x";
				CLANG_CXX_LIBRARY = "libc++";
				CLANG_ENABLE_MODULES = YES;
				CLANG_ENABLE_OBJC_ARC = YES;
				CLANG_WARN_BOOL_CONVERSION = YES;
				CLANG_WARN_CONSTANT_CONVERSION = YES;
				CLANG_WARN_DIRECT_OBJC_ISA_USAGE = YES_ERROR;
				CLANG_WARN_EMPTY_BODY = YES;
				CLANG_WARN_ENUM_CONVERSION = YES;
				CLANG_WARN_INT_CONVERSION = YES;
				CLANG_WARN_OBJC_ROOT_CLASS = YES_ERROR;
				CLANG_WARN_UNREACHABLE_CODE = YES;
				CLANG_WARN__DUPLICATE_METHOD_MATCH = YES;
				"CODE_SIGN_IDENTITY[sdk=iphoneos*]" = "iPhone Developer";
				COPY_PHASE_STRIP = NO;
				DEBUG_INFORMATION_FORMAT = "dwarf-with-dsym";
				ENABLE_NS_ASSERTIONS = NO;
				ENABLE_STRICT_OBJC_MSGSEND = YES;
				GCC_C_LANGUAGE_STANDARD = gnu99;
				GCC_NO_COMMON_BLOCKS = YES;
				GCC_WARN_64_TO_32_BIT_CONVERSION = YES;
				GCC_WARN_ABOUT_RETURN_TYPE = YES_ERROR;
				GCC_WARN_UNDECLARED_SELECTOR = YES;
				GCC_WARN_UNINITIALIZED_AUTOS = YES_AGGRESSIVE;
				GCC_WARN_UNUSED_FUNCTION = YES;
				GCC_WARN_UNUSED_VARIABLE = YES;
				IPHONEOS_DEPLOYMENT_TARGET = 9.2;
				MTL_ENABLE_DEBUG_INFO = NO;
				SDKROOT = iphoneos;
				TARGETED_DEVICE_FAMILY = "1,2";
				VALIDATE_PRODUCT = YES;
			};
			name = Release;
		};
		B891F7F91CAE71770043BD59 /* Debug */ = {
			isa = XCBuildConfiguration;
			baseConfigurationReference = 75E2586A8919587421916D94 /* Pods.debug.xcconfig */;
			buildSettings = {
				ASSETCATALOG_COMPILER_APPICON_NAME = AppIcon;
				GCC_PREFIX_HEADER = "StromFacilitate/StromFacilitate-PrefixHeader.pch";
				INFOPLIST_FILE = StromFacilitate/Info.plist;
				IPHONEOS_DEPLOYMENT_TARGET = 7.0;
				LD_RUNPATH_SEARCH_PATHS = "$(inherited) @executable_path/Frameworks";
				PRODUCT_BUNDLE_IDENTIFIER = com.secoo.www.StromFacilitate;
				PRODUCT_NAME = "$(TARGET_NAME)";
			};
			name = Debug;
		};
		B891F7FA1CAE71770043BD59 /* Release */ = {
			isa = XCBuildConfiguration;
			baseConfigurationReference = 91B1D6C13E64563B8A00508B /* Pods.release.xcconfig */;
			buildSettings = {
				ASSETCATALOG_COMPILER_APPICON_NAME = AppIcon;
				GCC_PREFIX_HEADER = "StromFacilitate/StromFacilitate-PrefixHeader.pch";
				INFOPLIST_FILE = StromFacilitate/Info.plist;
				IPHONEOS_DEPLOYMENT_TARGET = 7.0;
				LD_RUNPATH_SEARCH_PATHS = "$(inherited) @executable_path/Frameworks";
				PRODUCT_BUNDLE_IDENTIFIER = com.secoo.www.StromFacilitate;
				PRODUCT_NAME = "$(TARGET_NAME)";
			};
			name = Release;
		};
/* End XCBuildConfiguration section */

/* Begin XCConfigurationList section */
		B891F7DC1CAE71770043BD59 /* Build configuration list for PBXProject "StromFacilitate" */ = {
			isa = XCConfigurationList;
			buildConfigurations = (
				B891F7F61CAE71770043BD59 /* Debug */,
				B891F7F71CAE71770043BD59 /* Release */,
			);
			defaultConfigurationIsVisible = 0;
			defaultConfigurationName = Release;
		};
		B891F7F81CAE71770043BD59 /* Build configuration list for PBXNativeTarget "StromFacilitate" */ = {
			isa = XCConfigurationList;
			buildConfigurations = (
				B891F7F91CAE71770043BD59 /* Debug */,
				B891F7FA1CAE71770043BD59 /* Release */,
			);
			defaultConfigurationIsVisible = 0;
			defaultConfigurationName = Release;
		};
/* End XCConfigurationList section */
	};
	rootObject = B891F7D91CAE71770043BD59 /* Project object */;
}
